dependencies:
  chmorgan/esp-libhelix-mp3:
    component_hash: cbb76089dc2c5749f7b470e2e70aedc44c9da519e04eb9a67d4c7ec275229e53
    source:
      service_url: https://api.components.espressif.com/
      type: service
    version: 1.0.3
  idf:
    component_hash: null
    source:
      type: idf
    version: 5.4.0
manifest_hash: ee439b2cefe6c4e452e2b5dc10cf75f1e996f55dcd132fe1aded6c5cd78290be
target: esp32c3
version: 1.0.0
