dependencies:
  chmorgan/esp-libhelix-mp3:
    component_hash: cbb76089dc2c5749f7b470e2e70aedc44c9da519e04eb9a67d4c7ec275229e53
    dependencies:
    - name: idf
      require: private
      version: '>=4.1.0'
    source:
      registry_url: https://components.espressif.com/
      type: service
    version: 1.0.3
  idf:
    source:
      type: idf
    version: 5.2.2
direct_dependencies:
- chmorgan/esp-libhelix-mp3
- idf
manifest_hash: 3c81a157c66c12b91c5518cf43a5d89237568a394154341569fa8833c5a282ce
target: esp32c3
version: 2.0.0
