dependencies:
  chmorgan/esp-audio-player:
    component_hash: c8ac1998e9af863bc41b57e592f88d1a5791a0f891485122336ddabbf7a65033
    source:
      service_url: https://api.components.espressif.com/
      type: service
    version: 1.0.7
  chmorgan/esp-libhelix-mp3:
    component_hash: cbb76089dc2c5749f7b470e2e70aedc44c9da519e04eb9a67d4c7ec275229e53
    source:
      service_url: https://api.components.espressif.com/
      type: service
    version: 1.0.3
  idf:
    component_hash: null
    source:
      type: idf
    version: 5.2.0
manifest_hash: 9483907bbf6553cca53cb1929988dbba57624fae2ed30d94a332f02f6a4c194c
target: esp32s3
version: 1.0.0
